# This file is autogenerated, do not edit; changes may be undone by the next 'dep ensure'.


[[projects]]
  digest = "1:8ef263ab0d9984bf195b5b723c548b6a2277f7f9e92ebee0153b0cca40be1b27"
  name = "github.com/aws/aws-sdk-go"
  packages = [
    "aws",
    "aws/awserr",
    "aws/awsutil",
    "aws/client",
    "aws/client/metadata",
    "aws/corehandlers",
    "aws/credentials",
    "aws/credentials/ec2rolecreds",
    "aws/credentials/endpointcreds",
    "aws/credentials/processcreds",
    "aws/credentials/stscreds",
    "aws/csm",
    "aws/defaults",
    "aws/ec2metadata",
    "aws/endpoints",
    "aws/request",
    "aws/session",
    "aws/signer/v4",
    "internal/ini",
    "internal/sdkio",
    "internal/sdkrand",
    "internal/sdkuri",
    "internal/shareddefaults",
    "private/protocol",
    "private/protocol/query",
    "private/protocol/query/queryutil",
    "private/protocol/rest",
    "private/protocol/xml/xmlutil",
    "service/iam",
    "service/sts",
  ]
  pruneopts = ""
  revision = "c4e0e593d5f18b478f17ff0e86b56d41a70ced2d"
  version = "v1.16.2"

[[projects]]
  digest = "1:339861dc0a1379842150ee3c1e7aedbf1e32646b4643f32cc026b16ae8812b09"
  name = "github.com/go-ini/ini"
  packages = ["."]
  pruneopts = ""
  revision = "ffaaebdac6e54ce73b4e196b8406920921304ec9"
  version = "v1.39.2"

[[projects]]
  digest = "1:13fe471d0ed891e8544eddfeeb0471fd3c9f2015609a1c000aefdedf52a19d40"
  name = "github.com/jmespath/go-jmespath"
  packages = ["."]
  pruneopts = ""
  revision = "c2b33e84"

[[projects]]
  branch = "master"
  digest = "1:520aff4e6299b31b3ff34f68677b3d1dba1eedbecd7444640907071e887e03e9"
  name = "github.com/mmmorris1975/simple-logger"
  packages = ["."]
  pruneopts = ""
  revision = "67eb5fee82c1ef8591ca51fb7e2f8cc6af57947f"

[solve-meta]
  analyzer-name = "dep"
  analyzer-version = 1
  input-imports = [
    "github.com/aws/aws-sdk-go/aws/credentials/stscreds",
    "github.com/aws/aws-sdk-go/aws/defaults",
    "github.com/aws/aws-sdk-go/aws/session",
    "github.com/aws/aws-sdk-go/service/iam",
    "github.com/go-ini/ini",
    "github.com/mmmorris1975/simple-logger",
  ]
  solver-name = "gps-cdcl"
  solver-version = 1
